// !$*UTF8*$!
{
	archiveVersion = 1;
	classes = {
	};
	objectVersion = 46;
	objects = {

/* Begin PBXBuildFile section */
		BBCCD86318521C320041B622 /* Cocoa.framework in Frameworks */ = {isa = PBXBuildFile; fileRef = BBCCD86218521C320041B622 /* Cocoa.framework */; };
		BBCCD86D18521C320041B622 /* InfoPlist.strings in Resources */ = {isa = PBXBuildFile; fileRef = BBCCD86B18521C320041B622 /* InfoPlist.strings */; };
		BBCCD86F18521C320041B622 /* main.m in Sources */ = {isa = PBXBuildFile; fileRef = BBCCD86E18521C320041B622 /* main.m */; };
		BBCCD87618521C320041B622 /* AppDelegate.m in Sources */ = {isa = PBXBuildFile; fileRef = BBCCD87518521C320041B622 /* AppDelegate.m */; };
		BBCCD87918521C320041B622 /* MainMenu.xib in Resources */ = {isa = PBXBuildFile; fileRef = BBCCD87718521C320041B622 /* MainMenu.xib */; };
		BBCCD88218521C320041B622 /* XCTest.framework in Frameworks */ = {isa = PBXBuildFile; fileRef = BBCCD88118521C320041B622 /* XCTest.framework */; };
		BBCCD88318521C320041B622 /* Cocoa.framework in Frameworks */ = {isa = PBXBuildFile; fileRef = BBCCD86218521C320041B622 /* Cocoa.framework */; };
		BBCCD88B18521C320041B622 /* InfoPlist.strings in Resources */ = {isa = PBXBuildFile; fileRef = BBCCD88918521C320041B622 /* InfoPlist.strings */; };
		BBCCD88D18521C320041B622 /* CopyMateTests.m in Sources */ = {isa = PBXBuildFile; fileRef = BBCCD88C18521C320041B622 /* CopyMateTests.m */; };
		BBCCD89B185226A20041B622 /* NSPasteboard_Extensions.m in Sources */ = {isa = PBXBuildFile; fileRef = BBCCD898185226A20041B622 /* NSPasteboard_Extensions.m */; settings = {COMPILER_FLAGS = "-fno-objc-arc"; }; };
		BBCCD89C185226A20041B622 /* QCUIElement.m in Sources */ = {isa = PBXBuildFile; fileRef = BBCCD89A185226A20041B622 /* QCUIElement.m */; settings = {COMPILER_FLAGS = "-fno-objc-arc"; }; };
		BBCCD8AB185226B10041B622 /* .gitignore in Resources */ = {isa = PBXBuildFile; fileRef = BBCCD89E185226B10041B622 /* .gitignore */; };
		BBCCD8AC185226B10041B622 /* LICENSE in Resources */ = {isa = PBXBuildFile; fileRef = BBCCD89F185226B10041B622 /* LICENSE */; };
		BBCCD8AD185226B10041B622 /* MASShortcut+Monitoring.m in Sources */ = {isa = PBXBuildFile; fileRef = BBCCD8A1185226B10041B622 /* MASShortcut+Monitoring.m */; };
		BBCCD8AE185226B10041B622 /* MASShortcut+UserDefaults.m in Sources */ = {isa = PBXBuildFile; fileRef = BBCCD8A3185226B10041B622 /* MASShortcut+UserDefaults.m */; };
		BBCCD8AF185226B10041B622 /* MASShortcut.m in Sources */ = {isa = PBXBuildFile; fileRef = BBCCD8A5185226B10041B622 /* MASShortcut.m */; };
		BBCCD8B0185226B10041B622 /* MASShortcutView+UserDefaults.m in Sources */ = {isa = PBXBuildFile; fileRef = BBCCD8A7185226B10041B622 /* MASShortcutView+UserDefaults.m */; };
		BBCCD8B1185226B10041B622 /* MASShortcutView.m in Sources */ = {isa = PBXBuildFile; fileRef = BBCCD8A9185226B10041B622 /* MASShortcutView.m */; };
		BBCCD8B2185226B10041B622 /* README.md in Resources */ = {isa = PBXBuildFile; fileRef = BBCCD8AA185226B10041B622 /* README.md */; };
		BBCCD8BA185227F50041B622 /* CMPreferencesController.m in Sources */ = {isa = PBXBuildFile; fileRef = BBCCD8B8185227F50041B622 /* CMPreferencesController.m */; };
		BBCCD8BB185227F50041B622 /* CMPreferencesController.xib in Resources */ = {isa = PBXBuildFile; fileRef = BBCCD8B9185227F50041B622 /* CMPreferencesController.xib */; };
		BBCCD8C718537B990041B622 /* Constants.m in Sources */ = {isa = PBXBuildFile; fileRef = BBCCD8C618537B990041B622 /* Constants.m */; };
		BBCCD8CE185414870041B622 /* icon.icns in Resources */ = {isa = PBXBuildFile; fileRef = BBCCD8CA185414870041B622 /* icon.icns */; };
		BBCCD8CF185414870041B622 /* PrefsKeyboard.tiff in Resources */ = {isa = PBXBuildFile; fileRef = BBCCD8CB185414870041B622 /* PrefsKeyboard.tiff */; };
		BBCCD8D0185414870041B622 /* statusMenu.png in Resources */ = {isa = PBXBuildFile; fileRef = BBCCD8CC185414870041B622 /* statusMenu.png */; };
		BBCCD8D1185414870041B622 /* statusMenu@2x.png in Resources */ = {isa = PBXBuildFile; fileRef = BBCCD8CD185414870041B622 /* statusMenu@2x.png */; };
		D94BE8761856C32D0021F570 /* Carbon.framework in Frameworks */ = {isa = PBXBuildFile; fileRef = D94BE8751856C32D0021F570 /* Carbon.framework */; };
		D94BE8781856C34A0021F570 /* Sparkle.framework in Frameworks */ = {isa = PBXBuildFile; fileRef = D94BE8771856C34A0021F570 /* Sparkle.framework */; };
		D94BE87A1856C3E50021F570 /* Sparkle.framework in Copy Frameworks */ = {isa = PBXBuildFile; fileRef = D94BE8771856C34A0021F570 /* Sparkle.framework */; };
/* End PBXBuildFile section */

/* Begin PBXContainerItemProxy section */
		BBCCD88418521C320041B622 /* PBXContainerItemProxy */ = {
			isa = PBXContainerItemProxy;
			containerPortal = BBCCD85718521C320041B622 /* Project object */;
			proxyType = 1;
			remoteGlobalIDString = BBCCD85E18521C320041B622;
			remoteInfo = CopyMate;
		};
/* End PBXContainerItemProxy section */

/* Begin PBXCopyFilesBuildPhase section */
		D94BE8791856C3DA0021F570 /* Copy Frameworks */ = {
			isa = PBXCopyFilesBuildPhase;
			buildActionMask = 2147483647;
			dstPath = "";
			dstSubfolderSpec = 10;
			files = (
				D94BE87A1856C3E50021F570 /* Sparkle.framework in Copy Frameworks */,
			);
			name = "Copy Frameworks";
			runOnlyForDeploymentPostprocessing = 0;
		};
/* End PBXCopyFilesBuildPhase section */

/* Begin PBXFileReference section */
		BBCCD85F18521C320041B622 /* CopyMate.app */ = {isa = PBXFileReference; explicitFileType = wrapper.application; includeInIndex = 0; path = CopyMate.app; sourceTree = BUILT_PRODUCTS_DIR; };
		BBCCD86218521C320041B622 /* Cocoa.framework */ = {isa = PBXFileReference; lastKnownFileType = wrapper.framework; name = Cocoa.framework; path = System/Library/Frameworks/Cocoa.framework; sourceTree = SDKROOT; };
		BBCCD86518521C320041B622 /* AppKit.framework */ = {isa = PBXFileReference; lastKnownFileType = wrapper.framework; name = AppKit.framework; path = System/Library/Frameworks/AppKit.framework; sourceTree = SDKROOT; };
		BBCCD86718521C320041B622 /* Foundation.framework */ = {isa = PBXFileReference; lastKnownFileType = wrapper.framework; name = Foundation.framework; path = System/Library/Frameworks/Foundation.framework; sourceTree = SDKROOT; };
		BBCCD86A18521C320041B622 /* CopyMate-Info.plist */ = {isa = PBXFileReference; lastKnownFileType = text.plist.xml; path = "CopyMate-Info.plist"; sourceTree = "<group>"; };
		BBCCD86C18521C320041B622 /* en */ = {isa = PBXFileReference; lastKnownFileType = text.plist.strings; name = en; path = en.lproj/InfoPlist.strings; sourceTree = "<group>"; };
		BBCCD86E18521C320041B622 /* main.m */ = {isa = PBXFileReference; lastKnownFileType = sourcecode.c.objc; path = main.m; sourceTree = "<group>"; };
		BBCCD87018521C320041B622 /* CopyMate-Prefix.pch */ = {isa = PBXFileReference; lastKnownFileType = sourcecode.c.h; path = "CopyMate-Prefix.pch"; sourceTree = "<group>"; };
		BBCCD87418521C320041B622 /* AppDelegate.h */ = {isa = PBXFileReference; lastKnownFileType = sourcecode.c.h; path = AppDelegate.h; sourceTree = "<group>"; };
		BBCCD87518521C320041B622 /* AppDelegate.m */ = {isa = PBXFileReference; lastKnownFileType = sourcecode.c.objc; path = AppDelegate.m; sourceTree = "<group>"; };
		BBCCD87818521C320041B622 /* Base */ = {isa = PBXFileReference; lastKnownFileType = file.xib; name = Base; path = Base.lproj/MainMenu.xib; sourceTree = "<group>"; };
		BBCCD88018521C320041B622 /* CopyMateTests.xctest */ = {isa = PBXFileReference; explicitFileType = wrapper.cfbundle; includeInIndex = 0; path = CopyMateTests.xctest; sourceTree = BUILT_PRODUCTS_DIR; };
		BBCCD88118521C320041B622 /* XCTest.framework */ = {isa = PBXFileReference; lastKnownFileType = wrapper.framework; name = XCTest.framework; path = Library/Frameworks/XCTest.framework; sourceTree = DEVELOPER_DIR; };
		BBCCD88818521C320041B622 /* CopyMateTests-Info.plist */ = {isa = PBXFileReference; lastKnownFileType = text.plist.xml; path = "CopyMateTests-Info.plist"; sourceTree = "<group>"; };
		BBCCD88A18521C320041B622 /* en */ = {isa = PBXFileReference; lastKnownFileType = text.plist.strings; name = en; path = en.lproj/InfoPlist.strings; sourceTree = "<group>"; };
		BBCCD88C18521C320041B622 /* CopyMateTests.m */ = {isa = PBXFileReference; lastKnownFileType = sourcecode.c.objc; path = CopyMateTests.m; sourceTree = "<group>"; };
		BBCCD897185226A20041B622 /* NSPasteboard_Extensions.h */ = {isa = PBXFileReference; fileEncoding = 4; lastKnownFileType = sourcecode.c.h; path = NSPasteboard_Extensions.h; sourceTree = "<group>"; };
		BBCCD898185226A20041B622 /* NSPasteboard_Extensions.m */ = {isa = PBXFileReference; fileEncoding = 4; lastKnownFileType = sourcecode.c.objc; path = NSPasteboard_Extensions.m; sourceTree = "<group>"; };
		BBCCD899185226A20041B622 /* QCUIElement.h */ = {isa = PBXFileReference; fileEncoding = 4; lastKnownFileType = sourcecode.c.h; path = QCUIElement.h; sourceTree = "<group>"; };
		BBCCD89A185226A20041B622 /* QCUIElement.m */ = {isa = PBXFileReference; fileEncoding = 4; lastKnownFileType = sourcecode.c.objc; path = QCUIElement.m; sourceTree = "<group>"; };
		BBCCD89E185226B10041B622 /* .gitignore */ = {isa = PBXFileReference; fileEncoding = 4; lastKnownFileType = text; path = .gitignore; sourceTree = "<group>"; };
		BBCCD89F185226B10041B622 /* LICENSE */ = {isa = PBXFileReference; fileEncoding = 4; lastKnownFileType = text; path = LICENSE; sourceTree = "<group>"; };
		BBCCD8A0185226B10041B622 /* MASShortcut+Monitoring.h */ = {isa = PBXFileReference; fileEncoding = 4; lastKnownFileType = sourcecode.c.h; path = "MASShortcut+Monitoring.h"; sourceTree = "<group>"; };
		BBCCD8A1185226B10041B622 /* MASShortcut+Monitoring.m */ = {isa = PBXFileReference; fileEncoding = 4; lastKnownFileType = sourcecode.c.objc; path = "MASShortcut+Monitoring.m"; sourceTree = "<group>"; };
		BBCCD8A2185226B10041B622 /* MASShortcut+UserDefaults.h */ = {isa = PBXFileReference; fileEncoding = 4; lastKnownFileType = sourcecode.c.h; path = "MASShortcut+UserDefaults.h"; sourceTree = "<group>"; };
		BBCCD8A3185226B10041B622 /* MASShortcut+UserDefaults.m */ = {isa = PBXFileReference; fileEncoding = 4; lastKnownFileType = sourcecode.c.objc; path = "MASShortcut+UserDefaults.m"; sourceTree = "<group>"; };
		BBCCD8A4185226B10041B622 /* MASShortcut.h */ = {isa = PBXFileReference; fileEncoding = 4; lastKnownFileType = sourcecode.c.h; path = MASShortcut.h; sourceTree = "<group>"; };
		BBCCD8A5185226B10041B622 /* MASShortcut.m */ = {isa = PBXFileReference; fileEncoding = 4; lastKnownFileType = sourcecode.c.objc; path = MASShortcut.m; sourceTree = "<group>"; };
		BBCCD8A6185226B10041B622 /* MASShortcutView+UserDefaults.h */ = {isa = PBXFileReference; fileEncoding = 4; lastKnownFileType = sourcecode.c.h; path = "MASShortcutView+UserDefaults.h"; sourceTree = "<group>"; };
		BBCCD8A7185226B10041B622 /* MASShortcutView+UserDefaults.m */ = {isa = PBXFileReference; fileEncoding = 4; lastKnownFileType = sourcecode.c.objc; path = "MASShortcutView+UserDefaults.m"; sourceTree = "<group>"; };
		BBCCD8A8185226B10041B622 /* MASShortcutView.h */ = {isa = PBXFileReference; fileEncoding = 4; lastKnownFileType = sourcecode.c.h; path = MASShortcutView.h; sourceTree = "<group>"; };
		BBCCD8A9185226B10041B622 /* MASShortcutView.m */ = {isa = PBXFileReference; fileEncoding = 4; lastKnownFileType = sourcecode.c.objc; path = MASShortcutView.m; sourceTree = "<group>"; };
		BBCCD8AA185226B10041B622 /* README.md */ = {isa = PBXFileReference; fileEncoding = 4; lastKnownFileType = text; path = README.md; sourceTree = "<group>"; };
		BBCCD8B7185227F50041B622 /* CMPreferencesController.h */ = {isa = PBXFileReference; fileEncoding = 4; lastKnownFileType = sourcecode.c.h; path = CMPreferencesController.h; sourceTree = "<group>"; };
		BBCCD8B8185227F50041B622 /* CMPreferencesController.m */ = {isa = PBXFileReference; fileEncoding = 4; lastKnownFileType = sourcecode.c.objc; path = CMPreferencesController.m; sourceTree = "<group>"; };
		BBCCD8B9185227F50041B622 /* CMPreferencesController.xib */ = {isa = PBXFileReference; fileEncoding = 4; lastKnownFileType = file.xib; path = CMPreferencesController.xib; sourceTree = "<group>"; };
		BBCCD8C51853732A0041B622 /* Constants.h */ = {isa = PBXFileReference; fileEncoding = 4; lastKnownFileType = sourcecode.c.h; path = Constants.h; sourceTree = "<group>"; };
		BBCCD8C618537B990041B622 /* Constants.m */ = {isa = PBXFileReference; fileEncoding = 4; lastKnownFileType = sourcecode.c.objc; path = Constants.m; sourceTree = "<group>"; };
		BBCCD8CA185414870041B622 /* icon.icns */ = {isa = PBXFileReference; lastKnownFileType = image.icns; name = icon.icns; path = Images/icon.icns; sourceTree = "<group>"; };
		BBCCD8CB185414870041B622 /* PrefsKeyboard.tiff */ = {isa = PBXFileReference; lastKnownFileType = image.tiff; name = PrefsKeyboard.tiff; path = Images/PrefsKeyboard.tiff; sourceTree = "<group>"; };
		BBCCD8CC185414870041B622 /* statusMenu.png */ = {isa = PBXFileReference; lastKnownFileType = image.png; name = statusMenu.png; path = Images/statusMenu.png; sourceTree = "<group>"; };
		BBCCD8CD185414870041B622 /* statusMenu@2x.png */ = {isa = PBXFileReference; lastKnownFileType = image.png; name = "statusMenu@2x.png"; path = "Images/statusMenu@2x.png"; sourceTree = "<group>"; };
		D94BE8751856C32D0021F570 /* Carbon.framework */ = {isa = PBXFileReference; lastKnownFileType = wrapper.framework; name = Carbon.framework; path = System/Library/Frameworks/Carbon.framework; sourceTree = SDKROOT; };
		D94BE8771856C34A0021F570 /* Sparkle.framework */ = {isa = PBXFileReference; lastKnownFileType = wrapper.framework; name = Sparkle.framework; path = thirdparty/Sparkle/Sparkle.framework; sourceTree = "<group>"; };
/* End PBXFileReference section */

/* Begin PBXFrameworksBuildPhase section */
		BBCCD85C18521C320041B622 /* Frameworks */ = {
			isa = PBXFrameworksBuildPhase;
			buildActionMask = 2147483647;
			files = (
				D94BE8781856C34A0021F570 /* Sparkle.framework in Frameworks */,
				D94BE8761856C32D0021F570 /* Carbon.framework in Frameworks */,
				BBCCD86318521C320041B622 /* Cocoa.framework in Frameworks */,
			);
			runOnlyForDeploymentPostprocessing = 0;
		};
		BBCCD87D18521C320041B622 /* Frameworks */ = {
			isa = PBXFrameworksBuildPhase;
			buildActionMask = 2147483647;
			files = (
				BBCCD88318521C320041B622 /* Cocoa.framework in Frameworks */,
				BBCCD88218521C320041B622 /* XCTest.framework in Frameworks */,
			);
			runOnlyForDeploymentPostprocessing = 0;
		};
/* End PBXFrameworksBuildPhase section */

/* Begin PBXGroup section */
		BBCCD85618521C320041B622 = {
			isa = PBXGroup;
			children = (
				BBCCD86818521C320041B622 /* CopyMate */,
				BBCCD88618521C320041B622 /* CopyMateTests */,
				BBCCD86118521C320041B622 /* Frameworks */,
				BBCCD86018521C320041B622 /* Products */,
			);
			sourceTree = "<group>";
		};
		BBCCD86018521C320041B622 /* Products */ = {
			isa = PBXGroup;
			children = (
				BBCCD85F18521C320041B622 /* CopyMate.app */,
				BBCCD88018521C320041B622 /* CopyMateTests.xctest */,
			);
			name = Products;
			sourceTree = "<group>";
		};
		BBCCD86118521C320041B622 /* Frameworks */ = {
			isa = PBXGroup;
			children = (
				D94BE8771856C34A0021F570 /* Sparkle.framework */,
				D94BE8751856C32D0021F570 /* Carbon.framework */,
				BBCCD86218521C320041B622 /* Cocoa.framework */,
				BBCCD88118521C320041B622 /* XCTest.framework */,
				BBCCD86418521C320041B622 /* Other Frameworks */,
			);
			name = Frameworks;
			sourceTree = "<group>";
		};
		BBCCD86418521C320041B622 /* Other Frameworks */ = {
			isa = PBXGroup;
			children = (
				BBCCD86518521C320041B622 /* AppKit.framework */,
				BBCCD86718521C320041B622 /* Foundation.framework */,
			);
			name = "Other Frameworks";
			sourceTree = "<group>";
		};
		BBCCD86818521C320041B622 /* CopyMate */ = {
			isa = PBXGroup;
			children = (
				BBCCD89D185226B10041B622 /* MASShortcut */,
				BBCCD896185226A20041B622 /* QuickCursor */,
				BBCCD87418521C320041B622 /* AppDelegate.h */,
				BBCCD87518521C320041B622 /* AppDelegate.m */,
				BBCCD87718521C320041B622 /* MainMenu.xib */,
				BBCCD8B7185227F50041B622 /* CMPreferencesController.h */,
				BBCCD8B8185227F50041B622 /* CMPreferencesController.m */,
				BBCCD8B9185227F50041B622 /* CMPreferencesController.xib */,
				BBCCD8C51853732A0041B622 /* Constants.h */,
				BBCCD8C618537B990041B622 /* Constants.m */,
				BBCCD86918521C320041B622 /* Supporting Files */,
			);
			path = CopyMate;
			sourceTree = "<group>";
		};
		BBCCD86918521C320041B622 /* Supporting Files */ = {
			isa = PBXGroup;
			children = (
				BBCCD8D21854148B0041B622 /* Images */,
				BBCCD86A18521C320041B622 /* CopyMate-Info.plist */,
				BBCCD86B18521C320041B622 /* InfoPlist.strings */,
				BBCCD86E18521C320041B622 /* main.m */,
				BBCCD87018521C320041B622 /* CopyMate-Prefix.pch */,
			);
			name = "Supporting Files";
			sourceTree = "<group>";
		};
		BBCCD88618521C320041B622 /* CopyMateTests */ = {
			isa = PBXGroup;
			children = (
				BBCCD88C18521C320041B622 /* CopyMateTests.m */,
				BBCCD88718521C320041B622 /* Supporting Files */,
			);
			path = CopyMateTests;
			sourceTree = "<group>";
		};
		BBCCD88718521C320041B622 /* Supporting Files */ = {
			isa = PBXGroup;
			children = (
				BBCCD88818521C320041B622 /* CopyMateTests-Info.plist */,
				BBCCD88918521C320041B622 /* InfoPlist.strings */,
			);
			name = "Supporting Files";
			sourceTree = "<group>";
		};
		BBCCD896185226A20041B622 /* QuickCursor */ = {
			isa = PBXGroup;
			children = (
				BBCCD897185226A20041B622 /* NSPasteboard_Extensions.h */,
				BBCCD898185226A20041B622 /* NSPasteboard_Extensions.m */,
				BBCCD899185226A20041B622 /* QCUIElement.h */,
				BBCCD89A185226A20041B622 /* QCUIElement.m */,
			);
			path = QuickCursor;
			sourceTree = "<group>";
		};
		BBCCD89D185226B10041B622 /* MASShortcut */ = {
			isa = PBXGroup;
			children = (
				BBCCD89E185226B10041B622 /* .gitignore */,
				BBCCD89F185226B10041B622 /* LICENSE */,
				BBCCD8A0185226B10041B622 /* MASShortcut+Monitoring.h */,
				BBCCD8A1185226B10041B622 /* MASShortcut+Monitoring.m */,
				BBCCD8A2185226B10041B622 /* MASShortcut+UserDefaults.h */,
				BBCCD8A3185226B10041B622 /* MASShortcut+UserDefaults.m */,
				BBCCD8A4185226B10041B622 /* MASShortcut.h */,
				BBCCD8A5185226B10041B622 /* MASShortcut.m */,
				BBCCD8A6185226B10041B622 /* MASShortcutView+UserDefaults.h */,
				BBCCD8A7185226B10041B622 /* MASShortcutView+UserDefaults.m */,
				BBCCD8A8185226B10041B622 /* MASShortcutView.h */,
				BBCCD8A9185226B10041B622 /* MASShortcutView.m */,
				BBCCD8AA185226B10041B622 /* README.md */,
			);
			name = MASShortcut;
			path = thirdparty/MASShortcut;
			sourceTree = SOURCE_ROOT;
		};
		BBCCD8D21854148B0041B622 /* Images */ = {
			isa = PBXGroup;
			children = (
				BBCCD8CA185414870041B622 /* icon.icns */,
				BBCCD8CB185414870041B622 /* PrefsKeyboard.tiff */,
				BBCCD8CC185414870041B622 /* statusMenu.png */,
				BBCCD8CD185414870041B622 /* statusMenu@2x.png */,
			);
			name = Images;
			sourceTree = "<group>";
		};
/* End PBXGroup section */

/* Begin PBXNativeTarget section */
		BBCCD85E18521C320041B622 /* CopyMate */ = {
			isa = PBXNativeTarget;
			buildConfigurationList = BBCCD89018521C320041B622 /* Build configuration list for PBXNativeTarget "CopyMate" */;
			buildPhases = (
				BBCCD85B18521C320041B622 /* Sources */,
				BBCCD85C18521C320041B622 /* Frameworks */,
				BBCCD85D18521C320041B622 /* Resources */,
				D94BE8791856C3DA0021F570 /* Copy Frameworks */,
			);
			buildRules = (
			);
			dependencies = (
			);
			name = CopyMate;
			productName = CopyMate;
			productReference = BBCCD85F18521C320041B622 /* CopyMate.app */;
			productType = "com.apple.product-type.application";
		};
		BBCCD87F18521C320041B622 /* CopyMateTests */ = {
			isa = PBXNativeTarget;
			buildConfigurationList = BBCCD89318521C320041B622 /* Build configuration list for PBXNativeTarget "CopyMateTests" */;
			buildPhases = (
				BBCCD87C18521C320041B622 /* Sources */,
				BBCCD87D18521C320041B622 /* Frameworks */,
				BBCCD87E18521C320041B622 /* Resources */,
			);
			buildRules = (
			);
			dependencies = (
				BBCCD88518521C320041B622 /* PBXTargetDependency */,
			);
			name = CopyMateTests;
			productName = CopyMateTests;
			productReference = BBCCD88018521C320041B622 /* CopyMateTests.xctest */;
			productType = "com.apple.product-type.bundle.unit-test";
		};
/* End PBXNativeTarget section */

/* Begin PBXProject section */
		BBCCD85718521C320041B622 /* Project object */ = {
			isa = PBXProject;
			attributes = {
				LastUpgradeCheck = 0500;
				ORGANIZATIONNAME = kernelpanic.im;
				TargetAttributes = {
					BBCCD87F18521C320041B622 = {
						TestTargetID = BBCCD85E18521C320041B622;
					};
				};
			};
			buildConfigurationList = BBCCD85A18521C320041B622 /* Build configuration list for PBXProject "CopyMate" */;
			compatibilityVersion = "Xcode 3.2";
			developmentRegion = English;
			hasScannedForEncodings = 0;
			knownRegions = (
				en,
				Base,
			);
			mainGroup = BBCCD85618521C320041B622;
			productRefGroup = BBCCD86018521C320041B622 /* Products */;
			projectDirPath = "";
			projectRoot = "";
			targets = (
				BBCCD85E18521C320041B622 /* CopyMate */,
				BBCCD87F18521C320041B622 /* CopyMateTests */,
			);
		};
/* End PBXProject section */

/* Begin PBXResourcesBuildPhase section */
		BBCCD85D18521C320041B622 /* Resources */ = {
			isa = PBXResourcesBuildPhase;
			buildActionMask = 2147483647;
			files = (
				BBCCD8BB185227F50041B622 /* CMPreferencesController.xib in Resources */,
				BBCCD8CE185414870041B622 /* icon.icns in Resources */,
				BBCCD8CF185414870041B622 /* PrefsKeyboard.tiff in Resources */,
				BBCCD8D1185414870041B622 /* statusMenu@2x.png in Resources */,
				BBCCD8D0185414870041B622 /* statusMenu.png in Resources */,
				BBCCD86D18521C320041B622 /* InfoPlist.strings in Resources */,
				BBCCD8AB185226B10041B622 /* .gitignore in Resources */,
				BBCCD8B2185226B10041B622 /* README.md in Resources */,
				BBCCD8AC185226B10041B622 /* LICENSE in Resources */,
				BBCCD87918521C320041B622 /* MainMenu.xib in Resources */,
			);
			runOnlyForDeploymentPostprocessing = 0;
		};
		BBCCD87E18521C320041B622 /* Resources */ = {
			isa = PBXResourcesBuildPhase;
			buildActionMask = 2147483647;
			files = (
				BBCCD88B18521C320041B622 /* InfoPlist.strings in Resources */,
			);
			runOnlyForDeploymentPostprocessing = 0;
		};
/* End PBXResourcesBuildPhase section */

/* Begin PBXSourcesBuildPhase section */
		BBCCD85B18521C320041B622 /* Sources */ = {
			isa = PBXSourcesBuildPhase;
			buildActionMask = 2147483647;
			files = (
				BBCCD8C718537B990041B622 /* Constants.m in Sources */,
				BBCCD8AE185226B10041B622 /* MASShortcut+UserDefaults.m in Sources */,
				BBCCD8AF185226B10041B622 /* MASShortcut.m in Sources */,
				BBCCD8AD185226B10041B622 /* MASShortcut+Monitoring.m in Sources */,
				BBCCD8B0185226B10041B622 /* MASShortcutView+UserDefaults.m in Sources */,
				BBCCD8BA185227F50041B622 /* CMPreferencesController.m in Sources */,
				BBCCD89C185226A20041B622 /* QCUIElement.m in Sources */,
				BBCCD8B1185226B10041B622 /* MASShortcutView.m in Sources */,
				BBCCD87618521C320041B622 /* AppDelegate.m in Sources */,
				BBCCD89B185226A20041B622 /* NSPasteboard_Extensions.m in Sources */,
				BBCCD86F18521C320041B622 /* main.m in Sources */,
			);
			runOnlyForDeploymentPostprocessing = 0;
		};
		BBCCD87C18521C320041B622 /* Sources */ = {
			isa = PBXSourcesBuildPhase;
			buildActionMask = 2147483647;
			files = (
				BBCCD88D18521C320041B622 /* CopyMateTests.m in Sources */,
			);
			runOnlyForDeploymentPostprocessing = 0;
		};
/* End PBXSourcesBuildPhase section */

/* Begin PBXTargetDependency section */
		BBCCD88518521C320041B622 /* PBXTargetDependency */ = {
			isa = PBXTargetDependency;
			target = BBCCD85E18521C320041B622 /* CopyMate */;
			targetProxy = BBCCD88418521C320041B622 /* PBXContainerItemProxy */;
		};
/* End PBXTargetDependency section */

/* Begin PBXVariantGroup section */
		BBCCD86B18521C320041B622 /* InfoPlist.strings */ = {
			isa = PBXVariantGroup;
			children = (
				BBCCD86C18521C320041B622 /* en */,
			);
			name = InfoPlist.strings;
			sourceTree = "<group>";
		};
		BBCCD87718521C320041B622 /* MainMenu.xib */ = {
			isa = PBXVariantGroup;
			children = (
				BBCCD87818521C320041B622 /* Base */,
			);
			name = MainMenu.xib;
			sourceTree = "<group>";
		};
		BBCCD88918521C320041B622 /* InfoPlist.strings */ = {
			isa = PBXVariantGroup;
			children = (
				BBCCD88A18521C320041B622 /* en */,
			);
			name = InfoPlist.strings;
			sourceTree = "<group>";
		};
/* End PBXVariantGroup section */

/* Begin XCBuildConfiguration section */
		BBCCD88E18521C320041B622 /* Debug */ = {
			isa = XCBuildConfiguration;
			buildSettings = {
				ALWAYS_SEARCH_USER_PATHS = NO;
				CLANG_CXX_LANGUAGE_STANDARD = "gnu++0x";
				CLANG_CXX_LIBRARY = "libc++";
				CLANG_ENABLE_OBJC_ARC = YES;
				CLANG_WARN_BOOL_CONVERSION = YES;
				CLANG_WARN_CONSTANT_CONVERSION = YES;
				CLANG_WARN_DIRECT_OBJC_ISA_USAGE = YES_ERROR;
				CLANG_WARN_EMPTY_BODY = YES;
				CLANG_WARN_ENUM_CONVERSION = YES;
				CLANG_WARN_INT_CONVERSION = YES;
				CLANG_WARN_OBJC_ROOT_CLASS = YES_ERROR;
				CLANG_WARN__DUPLICATE_METHOD_MATCH = YES;
				COPY_PHASE_STRIP = NO;
				GCC_C_LANGUAGE_STANDARD = gnu99;
				GCC_DYNAMIC_NO_PIC = NO;
				GCC_ENABLE_OBJC_EXCEPTIONS = YES;
				GCC_OPTIMIZATION_LEVEL = 0;
				GCC_PREPROCESSOR_DEFINITIONS = (
					"DEBUG=1",
					"$(inherited)",
				);
				GCC_SYMBOLS_PRIVATE_EXTERN = NO;
				GCC_WARN_64_TO_32_BIT_CONVERSION = YES;
				GCC_WARN_ABOUT_RETURN_TYPE = YES_ERROR;
				GCC_WARN_UNDECLARED_SELECTOR = YES;
				GCC_WARN_UNINITIALIZED_AUTOS = YES;
				GCC_WARN_UNUSED_FUNCTION = YES;
				GCC_WARN_UNUSED_VARIABLE = YES;
				MACOSX_DEPLOYMENT_TARGET = 10.8;
				ONLY_ACTIVE_ARCH = YES;
				SDKROOT = macosx;
			};
			name = Debug;
		};
		BBCCD88F18521C320041B622 /* Release */ = {
			isa = XCBuildConfiguration;
			buildSettings = {
				ALWAYS_SEARCH_USER_PATHS = NO;
				CLANG_CXX_LANGUAGE_STANDARD = "gnu++0x";
				CLANG_CXX_LIBRARY = "libc++";
				CLANG_ENABLE_OBJC_ARC = YES;
				CLANG_WARN_BOOL_CONVERSION = YES;
				CLANG_WARN_CONSTANT_CONVERSION = YES;
				CLANG_WARN_DIRECT_OBJC_ISA_USAGE = YES_ERROR;
				CLANG_WARN_EMPTY_BODY = YES;
				CLANG_WARN_ENUM_CONVERSION = YES;
				CLANG_WARN_INT_CONVERSION = YES;
				CLANG_WARN_OBJC_ROOT_CLASS = YES_ERROR;
				CLANG_WARN__DUPLICATE_METHOD_MATCH = YES;
				COPY_PHASE_STRIP = YES;
				DEBUG_INFORMATION_FORMAT = "dwarf-with-dsym";
				ENABLE_NS_ASSERTIONS = NO;
				GCC_C_LANGUAGE_STANDARD = gnu99;
				GCC_ENABLE_OBJC_EXCEPTIONS = YES;
				GCC_WARN_64_TO_32_BIT_CONVERSION = YES;
				GCC_WARN_ABOUT_RETURN_TYPE = YES_ERROR;
				GCC_WARN_UNDECLARED_SELECTOR = YES;
				GCC_WARN_UNINITIALIZED_AUTOS = YES;
				GCC_WARN_UNUSED_FUNCTION = YES;
				GCC_WARN_UNUSED_VARIABLE = YES;
				MACOSX_DEPLOYMENT_TARGET = 10.8;
				SDKROOT = macosx;
			};
			name = Release;
		};
		BBCCD89118521C320041B622 /* Debug */ = {
			isa = XCBuildConfiguration;
			buildSettings = {
				ASSETCATALOG_COMPILER_APPICON_NAME = AppIcon;
				CODE_SIGN_IDENTITY = "Developer ID Application";
				COMBINE_HIDPI_IMAGES = YES;
				FRAMEWORK_SEARCH_PATHS = (
					"$(inherited)",
					"$(SRCROOT)/thirdparty/Sparkle",
				);
				GCC_PRECOMPILE_PREFIX_HEADER = YES;
				GCC_PREFIX_HEADER = "CopyMate/CopyMate-Prefix.pch";
				INFOPLIST_FILE = "CopyMate/CopyMate-Info.plist";
				OTHER_CODE_SIGN_FLAGS = "--deep";
				PRODUCT_NAME = "$(TARGET_NAME)";
				WRAPPER_EXTENSION = app;
			};
			name = Debug;
		};
		BBCCD89218521C320041B622 /* Release */ = {
			isa = XCBuildConfiguration;
			buildSettings = {
				ASSETCATALOG_COMPILER_APPICON_NAME = AppIcon;
				CODE_SIGN_IDENTITY = "Developer ID Application";
				COMBINE_HIDPI_IMAGES = YES;
				FRAMEWORK_SEARCH_PATHS = (
					"$(inherited)",
					"$(SRCROOT)/thirdparty/Sparkle",
				);
				GCC_PRECOMPILE_PREFIX_HEADER = YES;
				GCC_PREFIX_HEADER = "CopyMate/CopyMate-Prefix.pch";
				INFOPLIST_FILE = "CopyMate/CopyMate-Info.plist";
				OTHER_CODE_SIGN_FLAGS = "--deep";
				PRODUCT_NAME = "$(TARGET_NAME)";
				WRAPPER_EXTENSION = app;
			};
			name = Release;
		};
		BBCCD89418521C320041B622 /* Debug */ = {
			isa = XCBuildConfiguration;
			buildSettings = {
				BUNDLE_LOADER = "$(BUILT_PRODUCTS_DIR)/CopyMate.app/Contents/MacOS/CopyMate";
				COMBINE_HIDPI_IMAGES = YES;
				FRAMEWORK_SEARCH_PATHS = (
					"$(DEVELOPER_FRAMEWORKS_DIR)",
					"$(inherited)",
				);
				GCC_PRECOMPILE_PREFIX_HEADER = YES;
				GCC_PREFIX_HEADER = "CopyMate/CopyMate-Prefix.pch";
				GCC_PREPROCESSOR_DEFINITIONS = (
					"DEBUG=1",
					"$(inherited)",
				);
				INFOPLIST_FILE = "CopyMateTests/CopyMateTests-Info.plist";
				PRODUCT_NAME = "$(TARGET_NAME)";
				TEST_HOST = "$(BUNDLE_LOADER)";
				WRAPPER_EXTENSION = xctest;
			};
			name = Debug;
		};
		BBCCD89518521C320041B622 /* Release */ = {
			isa = XCBuildConfiguration;
			buildSettings = {
				BUNDLE_LOADER = "$(BUILT_PRODUCTS_DIR)/CopyMate.app/Contents/MacOS/CopyMate";
				COMBINE_HIDPI_IMAGES = YES;
				FRAMEWORK_SEARCH_PATHS = (
					"$(DEVELOPER_FRAMEWORKS_DIR)",
					"$(inherited)",
				);
				GCC_PRECOMPILE_PREFIX_HEADER = YES;
				GCC_PREFIX_HEADER = "CopyMate/CopyMate-Prefix.pch";
				INFOPLIST_FILE = "CopyMateTests/CopyMateTests-Info.plist";
				PRODUCT_NAME = "$(TARGET_NAME)";
				TEST_HOST = "$(BUNDLE_LOADER)";
				WRAPPER_EXTENSION = xctest;
			};
			name = Release;
		};
/* End XCBuildConfiguration section */

/* Begin XCConfigurationList section */
		BBCCD85A18521C320041B622 /* Build configuration list for PBXProject "CopyMate" */ = {
			isa = XCConfigurationList;
			buildConfigurations = (
				BBCCD88E18521C320041B622 /* Debug */,
				BBCCD88F18521C320041B622 /* Release */,
			);
			defaultConfigurationIsVisible = 0;
			defaultConfigurationName = Release;
		};
		BBCCD89018521C320041B622 /* Build configuration list for PBXNativeTarget "CopyMate" */ = {
			isa = XCConfigurationList;
			buildConfigurations = (
				BBCCD89118521C320041B622 /* Debug */,
				BBCCD89218521C320041B622 /* Release */,
			);
			defaultConfigurationIsVisible = 0;
			defaultConfigurationName = Release;
		};
		BBCCD89318521C320041B622 /* Build configuration list for PBXNativeTarget "CopyMateTests" */ = {
			isa = XCConfigurationList;
			buildConfigurations = (
				BBCCD89418521C320041B622 /* Debug */,
				BBCCD89518521C320041B622 /* Release */,
			);
			defaultConfigurationIsVisible = 0;
			defaultConfigurationName = Release;
		};
/* End XCConfigurationList section */
	};
	rootObject = BBCCD85718521C320041B622 /* Project object */;
}
